// !$*UTF8*$!
{
	archiveVersion = 1;
	classes = {
	};
	objectVersion = 46;
	objects = {

/* Begin PBXBuildFile section */
		AA3755D21963B02A00758301 /* Foundation.framework in Frameworks */ = {isa = PBXBuildFile; fileRef = 21D676FA16AEC4B1006673A1 /* Foundation.framework */; };
		AA3755E31963B15D00758301 /* LunarCalendar.c in Sources */ = {isa = PBXBuildFile; fileRef = AA3755DE1963B15D00758301 /* LunarCalendar.c */; };
		AA3755E51963B15D00758301 /* LunarDate.c in Sources */ = {isa = PBXBuildFile; fileRef = AA3755E11963B15D00758301 /* LunarDate.c */; };
		AA3755EC1963B16C00758301 /* main.m in Sources */ = {isa = PBXBuildFile; fileRef = AA3755EA1963B16C00758301 /* main.m */; };
		AA3755F21963B2C100758301 /* LunarCalendarWrapper.m in Sources */ = {isa = PBXBuildFile; fileRef = AA3755F11963B2C100758301 /* LunarCalendarWrapper.m */; };
/* End PBXBuildFile section */

/* Begin PBXCopyFilesBuildPhase section */
		AA3755CF1963B02A00758301 /* CopyFiles */ = {
			isa = PBXCopyFilesBuildPhase;
			buildActionMask = 2147483647;
			dstPath = /usr/share/man/man1/;
			dstSubfolderSpec = 0;
			files = (
			);
			runOnlyForDeploymentPostprocessing = 1;
		};
/* End PBXCopyFilesBuildPhase section */

/* Begin PBXFileReference section */
		21D676FA16AEC4B1006673A1 /* Foundation.framework */ = {isa = PBXFileReference; lastKnownFileType = wrapper.framework; name = Foundation.framework; path = System/Library/Frameworks/Foundation.framework; sourceTree = SDKROOT; };
		21D6770D16AEC591006673A1 /* CoreFoundation.framework */ = {isa = PBXFileReference; lastKnownFileType = wrapper.framework; name = CoreFoundation.framework; path = System/Library/Frameworks/CoreFoundation.framework; sourceTree = SDKROOT; };
		AA3755D11963B02A00758301 /* LunarCalendar */ = {isa = PBXFileReference; explicitFileType = "compiled.mach-o.executable"; includeInIndex = 0; path = LunarCalendar; sourceTree = BUILT_PRODUCTS_DIR; };
		AA3755DE1963B15D00758301 /* LunarCalendar.c */ = {isa = PBXFileReference; fileEncoding = 4; lastKnownFileType = sourcecode.c.c; path = LunarCalendar.c; sourceTree = "<group>"; };
		AA3755DF1963B15D00758301 /* LunarCalendar.h */ = {isa = PBXFileReference; fileEncoding = 4; lastKnownFileType = sourcecode.c.h; path = LunarCalendar.h; sourceTree = "<group>"; };
		AA3755E11963B15D00758301 /* LunarDate.c */ = {isa = PBXFileReference; fileEncoding = 4; lastKnownFileType = sourcecode.c.c; path = LunarDate.c; sourceTree = "<group>"; };
		AA3755E21963B15D00758301 /* LunarDate.h */ = {isa = PBXFileReference; fileEncoding = 4; lastKnownFileType = sourcecode.c.h; path = LunarDate.h; sourceTree = "<group>"; };
		AA3755EA1963B16C00758301 /* main.m */ = {isa = PBXFileReference; fileEncoding = 4; lastKnownFileType = sourcecode.c.objc; path = main.m; sourceTree = "<group>"; };
		AA3755EE1963B2C100758301 /* LunarCalendar-Info.plist */ = {isa = PBXFileReference; fileEncoding = 4; lastKnownFileType = text.plist.xml; name = "LunarCalendar-Info.plist"; path = "LunarCalendar/LunarCalendar-Info.plist"; sourceTree = SOURCE_ROOT; };
		AA3755EF1963B2C100758301 /* LunarCalendar-Prefix.pch */ = {isa = PBXFileReference; fileEncoding = 4; lastKnownFileType = sourcecode.c.h; name = "LunarCalendar-Prefix.pch"; path = "LunarCalendar/LunarCalendar-Prefix.pch"; sourceTree = SOURCE_ROOT; };
		AA3755F01963B2C100758301 /* LunarCalendarWrapper.h */ = {isa = PBXFileReference; fileEncoding = 4; lastKnownFileType = sourcecode.c.h; name = LunarCalendarWrapper.h; path = LunarCalendar/LunarCalendarWrapper.h; sourceTree = SOURCE_ROOT; };
		AA3755F11963B2C100758301 /* LunarCalendarWrapper.m */ = {isa = PBXFileReference; fileEncoding = 4; lastKnownFileType = sourcecode.c.objc; name = LunarCalendarWrapper.m; path = LunarCalendar/LunarCalendarWrapper.m; sourceTree = SOURCE_ROOT; };
		AAD20D701897A0B1009F4310 /* XCTest.framework */ = {isa = PBXFileReference; lastKnownFileType = wrapper.framework; name = XCTest.framework; path = Library/Frameworks/XCTest.framework; sourceTree = DEVELOPER_DIR; };
		AAD20D731897A0B1009F4310 /* UIKit.framework */ = {isa = PBXFileReference; lastKnownFileType = wrapper.framework; name = UIKit.framework; path = Library/Frameworks/UIKit.framework; sourceTree = DEVELOPER_DIR; };
/* End PBXFileReference section */

/* Begin PBXFrameworksBuildPhase section */
		AA3755CE1963B02A00758301 /* Frameworks */ = {
			isa = PBXFrameworksBuildPhase;
			buildActionMask = 2147483647;
			files = (
				AA3755D21963B02A00758301 /* Foundation.framework in Frameworks */,
			);
			runOnlyForDeploymentPostprocessing = 0;
		};
/* End PBXFrameworksBuildPhase section */

/* Begin PBXGroup section */
		21D676EC16AEC4B1006673A1 = {
			isa = PBXGroup;
			children = (
				AA3755DD1963B15D00758301 /* Classes */,
				AA3755ED1963B17900758301 /* Supporting Files */,
				21D676F916AEC4B1006673A1 /* Frameworks */,
				21D676F816AEC4B1006673A1 /* Products */,
			);
			sourceTree = "<group>";
		};
		21D676F816AEC4B1006673A1 /* Products */ = {
			isa = PBXGroup;
			children = (
				AA3755D11963B02A00758301 /* LunarCalendar */,
			);
			name = Products;
			sourceTree = "<group>";
		};
		21D676F916AEC4B1006673A1 /* Frameworks */ = {
			isa = PBXGroup;
			children = (
				21D676FA16AEC4B1006673A1 /* Foundation.framework */,
				21D6770D16AEC591006673A1 /* CoreFoundation.framework */,
				AAD20D701897A0B1009F4310 /* XCTest.framework */,
				AAD20D731897A0B1009F4310 /* UIKit.framework */,
			);
			name = Frameworks;
			sourceTree = "<group>";
		};
		AA3755DD1963B15D00758301 /* Classes */ = {
			isa = PBXGroup;
			children = (
				AA3755DF1963B15D00758301 /* LunarCalendar.h */,
				AA3755DE1963B15D00758301 /* LunarCalendar.c */,
				AA3755E21963B15D00758301 /* LunarDate.h */,
				AA3755E11963B15D00758301 /* LunarDate.c */,
				AA3755F01963B2C100758301 /* LunarCalendarWrapper.h */,
				AA3755F11963B2C100758301 /* LunarCalendarWrapper.m */,
			);
			name = Classes;
			path = ../Classes;
			sourceTree = "<group>";
		};
		AA3755ED1963B17900758301 /* Supporting Files */ = {
			isa = PBXGroup;
			children = (
				AA3755EE1963B2C100758301 /* LunarCalendar-Info.plist */,
				AA3755EF1963B2C100758301 /* LunarCalendar-Prefix.pch */,
				AA3755EA1963B16C00758301 /* main.m */,
			);
			name = "Supporting Files";
			sourceTree = "<group>";
		};
/* End PBXGroup section */

/* Begin PBXNativeTarget section */
		AA3755D01963B02A00758301 /* LunarCalendar */ = {
			isa = PBXNativeTarget;
			buildConfigurationList = AA3755DA1963B02A00758301 /* Build configuration list for PBXNativeTarget "LunarCalendar" */;
			buildPhases = (
				AA3755CD1963B02A00758301 /* Sources */,
				AA3755CE1963B02A00758301 /* Frameworks */,
				AA3755CF1963B02A00758301 /* CopyFiles */,
			);
			buildRules = (
			);
			dependencies = (
			);
			name = LunarCalendar;
			productName = LunarCalendar;
			productReference = AA3755D11963B02A00758301 /* LunarCalendar */;
			productType = "com.apple.product-type.tool";
		};
/* End PBXNativeTarget section */

/* Begin PBXProject section */
		21D676EE16AEC4B1006673A1 /* Project object */ = {
			isa = PBXProject;
			attributes = {
				LastUpgradeCheck = 0510;
				ORGANIZATIONNAME = "Tian Youhui";
			};
			buildConfigurationList = 21D676F116AEC4B1006673A1 /* Build configuration list for PBXProject "LunarCalendar" */;
			compatibilityVersion = "Xcode 3.2";
			developmentRegion = English;
			hasScannedForEncodings = 0;
			knownRegions = (
				en,
			);
			mainGroup = 21D676EC16AEC4B1006673A1;
			productRefGroup = 21D676F816AEC4B1006673A1 /* Products */;
			projectDirPath = "";
			projectRoot = "";
			targets = (
				AA3755D01963B02A00758301 /* LunarCalendar */,
			);
		};
/* End PBXProject section */

/* Begin PBXSourcesBuildPhase section */
		AA3755CD1963B02A00758301 /* Sources */ = {
			isa = PBXSourcesBuildPhase;
			buildActionMask = 2147483647;
			files = (
				AA3755F21963B2C100758301 /* LunarCalendarWrapper.m in Sources */,
				AA3755EC1963B16C00758301 /* main.m in Sources */,
				AA3755E51963B15D00758301 /* LunarDate.c in Sources */,
				AA3755E31963B15D00758301 /* LunarCalendar.c in Sources */,
			);
			runOnlyForDeploymentPostprocessing = 0;
		};
/* End PBXSourcesBuildPhase section */

/* Begin XCBuildConfiguration section */
		21D6770316AEC4B1006673A1 /* Debug */ = {
			isa = XCBuildConfiguration;
			buildSettings = {
				ALWAYS_SEARCH_USER_PATHS = NO;
				CLANG_CXX_LANGUAGE_STANDARD = "gnu++0x";
				CLANG_CXX_LIBRARY = "libc++";
				CLANG_WARN_EMPTY_BODY = YES;
				CLANG_WARN__DUPLICATE_METHOD_MATCH = YES;
				COPY_PHASE_STRIP = NO;
				GCC_C_LANGUAGE_STANDARD = gnu99;
				GCC_DYNAMIC_NO_PIC = NO;
				GCC_OPTIMIZATION_LEVEL = 0;
				GCC_PREPROCESSOR_DEFINITIONS = (
					"DEBUG=1",
					"$(inherited)",
				);
				GCC_SYMBOLS_PRIVATE_EXTERN = NO;
				GCC_WARN_ABOUT_RETURN_TYPE = YES;
				GCC_WARN_UNINITIALIZED_AUTOS = YES;
				GCC_WARN_UNUSED_VARIABLE = YES;
				IPHONEOS_DEPLOYMENT_TARGET = 4.3;
				ONLY_ACTIVE_ARCH = YES;
				OTHER_LDFLAGS = (
					"-all_load",
					"-ObjC",
				);
				SDKROOT = iphoneos;
			};
			name = Debug;
		};
		21D6770416AEC4B1006673A1 /* Release */ = {
			isa = XCBuildConfiguration;
			buildSettings = {
				ALWAYS_SEARCH_USER_PATHS = NO;
				CLANG_CXX_LANGUAGE_STANDARD = "gnu++0x";
				CLANG_CXX_LIBRARY = "libc++";
				CLANG_WARN_EMPTY_BODY = YES;
				CLANG_WARN__DUPLICATE_METHOD_MATCH = YES;
				COPY_PHASE_STRIP = YES;
				GCC_C_LANGUAGE_STANDARD = gnu99;
				GCC_WARN_ABOUT_RETURN_TYPE = YES;
				GCC_WARN_UNINITIALIZED_AUTOS = YES;
				GCC_WARN_UNUSED_VARIABLE = YES;
				IPHONEOS_DEPLOYMENT_TARGET = 4.3;
				OTHER_LDFLAGS = (
					"-all_load",
					"-ObjC",
				);
				SDKROOT = iphoneos;
				VALIDATE_PRODUCT = YES;
			};
			name = Release;
		};
		AA3755DB1963B02A00758301 /* Debug */ = {
			isa = XCBuildConfiguration;
			buildSettings = {
				CLANG_ENABLE_MODULES = YES;
				CLANG_ENABLE_OBJC_ARC = YES;
				CLANG_WARN_BOOL_CONVERSION = YES;
				CLANG_WARN_CONSTANT_CONVERSION = YES;
				CLANG_WARN_DIRECT_OBJC_ISA_USAGE = YES_ERROR;
				CLANG_WARN_ENUM_CONVERSION = YES;
				CLANG_WARN_INT_CONVERSION = YES;
				CLANG_WARN_OBJC_ROOT_CLASS = YES_ERROR;
				GCC_ENABLE_OBJC_EXCEPTIONS = YES;
				GCC_PRECOMPILE_PREFIX_HEADER = YES;
				GCC_PREFIX_HEADER = "LunarCalendar/${PROJECT_NAME}-prefix.pch";
				GCC_PREPROCESSOR_DEFINITIONS = (
					"DEBUG=1",
					"$(inherited)",
				);
				GCC_WARN_64_TO_32_BIT_CONVERSION = YES;
				GCC_WARN_ABOUT_RETURN_TYPE = YES_ERROR;
				GCC_WARN_UNDECLARED_SELECTOR = YES;
				GCC_WARN_UNINITIALIZED_AUTOS = YES_AGGRESSIVE;
				GCC_WARN_UNUSED_FUNCTION = YES;
				MACOSX_DEPLOYMENT_TARGET = 10.9;
				PRODUCT_NAME = "$(TARGET_NAME)";
				SDKROOT = macosx;
			};
			name = Debug;
		};
		AA3755DC1963B02A00758301 /* Release */ = {
			isa = XCBuildConfiguration;
			buildSettings = {
				CLANG_ENABLE_MODULES = YES;
				CLANG_ENABLE_OBJC_ARC = YES;
				CLANG_WARN_BOOL_CONVERSION = YES;
				CLANG_WARN_CONSTANT_CONVERSION = YES;
				CLANG_WARN_DIRECT_OBJC_ISA_USAGE = YES_ERROR;
				CLANG_WARN_ENUM_CONVERSION = YES;
				CLANG_WARN_INT_CONVERSION = YES;
				CLANG_WARN_OBJC_ROOT_CLASS = YES_ERROR;
				DEBUG_INFORMATION_FORMAT = "dwarf-with-dsym";
				ENABLE_NS_ASSERTIONS = NO;
				GCC_ENABLE_OBJC_EXCEPTIONS = YES;
				GCC_PRECOMPILE_PREFIX_HEADER = YES;
				GCC_PREFIX_HEADER = "LunarCalendar/${PROJECT_NAME}-prefix.pch";
				GCC_WARN_64_TO_32_BIT_CONVERSION = YES;
				GCC_WARN_ABOUT_RETURN_TYPE = YES_ERROR;
				GCC_WARN_UNDECLARED_SELECTOR = YES;
				GCC_WARN_UNINITIALIZED_AUTOS = YES_AGGRESSIVE;
				GCC_WARN_UNUSED_FUNCTION = YES;
				MACOSX_DEPLOYMENT_TARGET = 10.9;
				PRODUCT_NAME = "$(TARGET_NAME)";
				SDKROOT = macosx;
			};
			name = Release;
		};
/* End XCBuildConfiguration section */

/* Begin XCConfigurationList section */
		21D676F116AEC4B1006673A1 /* Build configuration list for PBXProject "LunarCalendar" */ = {
			isa = XCConfigurationList;
			buildConfigurations = (
				21D6770316AEC4B1006673A1 /* Debug */,
				21D6770416AEC4B1006673A1 /* Release */,
			);
			defaultConfigurationIsVisible = 0;
			defaultConfigurationName = Release;
		};
		AA3755DA1963B02A00758301 /* Build configuration list for PBXNativeTarget "LunarCalendar" */ = {
			isa = XCConfigurationList;
			buildConfigurations = (
				AA3755DB1963B02A00758301 /* Debug */,
				AA3755DC1963B02A00758301 /* Release */,
			);
			defaultConfigurationIsVisible = 0;
			defaultConfigurationName = Release;
		};
/* End XCConfigurationList section */
	};
	rootObject = 21D676EE16AEC4B1006673A1 /* Project object */;
}
